
Microsoft Visual Studio Solution File, Format Version 12.00
# Visual Studio Version 16
VisualStudioVersion = 16.0.30523.141
MinimumVisualStudioVersion = 10.0.40219.1
Project("{888888A0-9F3D-457C-B088-3A5042F75D52}") = "variant5_7", "variant5_7\variant5_7.pyproj", "{1E5BF530-0D55-448B-88A1-263EE8FD1A62}"
EndProject
Global
	GlobalSection(SolutionConfigurationPlatforms) = preSolution
		Debug|Any CPU = Debug|Any CPU
		Release|Any CPU = Release|Any CPU
	EndGlobalSection
	GlobalSection(ProjectConfigurationPlatforms) = postSolution
		{1E5BF530-0D55-448B-88A1-263EE8FD1A62}.Debug|Any CPU.ActiveCfg = Debug|Any CPU
		{1E5BF530-0D55-448B-88A1-263EE8FD1A62}.Release|Any CPU.ActiveCfg = Release|Any CPU
	EndGlobalSection
	GlobalSection(SolutionProperties) = preSolution
		HideSolutionNode = FALSE
	EndGlobalSection
	GlobalSection(ExtensibilityGlobals) = postSolution
		SolutionGuid = {1CC6D877-954E-4E0E-9AA1-A9BDC09E6C7A}
	EndGlobalSection
EndGlobal
